
Microsoft Visual Studio Solution File, Format Version 12.00
# Visual Studio Version 16
VisualStudioVersion = 16.0.30503.244
MinimumVisualStudioVersion = 10.0.40219.1
Project("{9A19103F-16F7-4668-BE54-9A1E7A4F7556}") = "EngageSharp", "EngageSharp\EngageSharp.csproj", "{4C4F3636-4D21-49B4-BE91-8E933C30D89D}"
EndProject
Project("{9A19103F-16F7-4668-BE54-9A1E7A4F7556}") = "EngageSharpAPI", "EngageSharp.API\EngageSharpAPI.csproj", "{4BB29173-03F0-49DD-83B1-5F84C54DC9BA}"
EndProject
Global
	GlobalSection(SolutionConfigurationPlatforms) = preSolution
		Debug|Any CPU = Debug|Any CPU
		Release|Any CPU = Release|Any CPU
	EndGlobalSection
	GlobalSection(ProjectConfigurationPlatforms) = postSolution
		{4C4F3636-4D21-49B4-BE91-8E933C30D89D}.Debug|Any CPU.ActiveCfg = Debug|Any CPU
		{4C4F3636-4D21-49B4-BE91-8E933C30D89D}.Debug|Any CPU.Build.0 = Debug|Any CPU
		{4C4F3636-4D21-49B4-BE91-8E933C30D89D}.Release|Any CPU.ActiveCfg = Release|Any CPU
		{4C4F3636-4D21-49B4-BE91-8E933C30D89D}.Release|Any CPU.Build.0 = Release|Any CPU
		{4BB29173-03F0-49DD-83B1-5F84C54DC9BA}.Debug|Any CPU.ActiveCfg = Debug|Any CPU
		{4BB29173-03F0-49DD-83B1-5F84C54DC9BA}.Debug|Any CPU.Build.0 = Debug|Any CPU
		{4BB29173-03F0-49DD-83B1-5F84C54DC9BA}.Release|Any CPU.ActiveCfg = Release|Any CPU
		{4BB29173-03F0-49DD-83B1-5F84C54DC9BA}.Release|Any CPU.Build.0 = Release|Any CPU
	EndGlobalSection
	GlobalSection(SolutionProperties) = preSolution
		HideSolutionNode = FALSE
	EndGlobalSection
	GlobalSection(ExtensibilityGlobals) = postSolution
		SolutionGuid = {05C1D209-2EE0-496F-9122-283973E7CAA3}
	EndGlobalSection
EndGlobal
